
Microsoft Visual Studio Solution File, Format Version 12.00
# Visual Studio Version 16
VisualStudioVersion = 16.0.30611.23
MinimumVisualStudioVersion = 10.0.40219.1
Project("{FAE04EC0-301F-11D3-BF4B-00C04F79EFBC}") = "clientSQLEntreprise", "clientSQLEntreprise\clientSQLEntreprise.csproj", "{1DDEE357-E7EC-432F-94E2-B33FDB07DE6A}"
EndProject
Global
	GlobalSection(SolutionConfigurationPlatforms) = preSolution
		Debug|Any CPU = Debug|Any CPU
		Release|Any CPU = Release|Any CPU
	EndGlobalSection
	GlobalSection(ProjectConfigurationPlatforms) = postSolution
		{1DDEE357-E7EC-432F-94E2-B33FDB07DE6A}.Debug|Any CPU.ActiveCfg = Debug|Any CPU
		{1DDEE357-E7EC-432F-94E2-B33FDB07DE6A}.Debug|Any CPU.Build.0 = Debug|Any CPU
		{1DDEE357-E7EC-432F-94E2-B33FDB07DE6A}.Release|Any CPU.ActiveCfg = Release|Any CPU
		{1DDEE357-E7EC-432F-94E2-B33FDB07DE6A}.Release|Any CPU.Build.0 = Release|Any CPU
	EndGlobalSection
	GlobalSection(SolutionProperties) = preSolution
		HideSolutionNode = FALSE
	EndGlobalSection
	GlobalSection(ExtensibilityGlobals) = postSolution
		SolutionGuid = {CFF5AACF-C1C9-4540-B104-227E3D66BC58}
	EndGlobalSection
EndGlobal
